
Microsoft Visual Studio Solution File, Format Version 12.00
# Visual Studio Version 17
VisualStudioVersion = 17.7.34031.279
MinimumVisualStudioVersion = 10.0.40219.1
Project("{9A19103F-16F7-4668-BE54-9A1E7A4F7556}") = "Array", "Array\Array.csproj", "{301EF0F8-93EA-4306-9621-92DE4A53FC14}"
EndProject
Project("{9A19103F-16F7-4668-BE54-9A1E7A4F7556}") = "Array2", "Array2\Array2.csproj", "{340AE456-DC64-4D03-BD0C-B764662BC91C}"
EndProject
Project("{9A19103F-16F7-4668-BE54-9A1E7A4F7556}") = "Array3", "Array3\Array3.csproj", "{18B7286E-DB42-4CBC-8EED-621C23C2A234}"
EndProject
Project("{9A19103F-16F7-4668-BE54-9A1E7A4F7556}") = "ArrayMetodos", "ArrayMetodos\ArrayMetodos.csproj", "{352DBEC5-2A1E-488D-92DF-F904165E3930}"
EndProject
Project("{9A19103F-16F7-4668-BE54-9A1E7A4F7556}") = "ExercicioArray", "ExercicioArray\ExercicioArray.csproj", "{E0B662B2-A524-413F-8CC7-43F1C07767CF}"
EndProject
Project("{9A19103F-16F7-4668-BE54-9A1E7A4F7556}") = "ModificadorParametros", "ModificadorParametros\ModificadorParametros.csproj", "{E85E8ED8-9370-4443-8D27-369B77F5CB35}"
EndProject
Project("{9A19103F-16F7-4668-BE54-9A1E7A4F7556}") = "ArrayMultidimensional", "ArrayMultidimensional\ArrayMultidimensional.csproj", "{6ED78E73-06F8-4871-9A4F-CB2761B7D7EB}"
EndProject
Project("{9A19103F-16F7-4668-BE54-9A1E7A4F7556}") = "ExercicioArray2", "ExercicioArray2\ExercicioArray2.csproj", "{D01935AD-418A-4D9D-8386-0B2FDCEA65F0}"
EndProject
Project("{9A19103F-16F7-4668-BE54-9A1E7A4F7556}") = "ArrayList", "ArrayList\ArrayList.csproj", "{57171B78-69FF-4149-B7C7-46AC7AB4F5A5}"
EndProject
Project("{9A19103F-16F7-4668-BE54-9A1E7A4F7556}") = "ArrayList_2", "ArrayList_2\ArrayList_2.csproj", "{8437CCEF-883B-4D7A-BEAC-5B398C0DB9D3}"
EndProject
Project("{9A19103F-16F7-4668-BE54-9A1E7A4F7556}") = "ArrayList3", "ArrayList3\ArrayList3.csproj", "{0DE3D801-BD4F-4437-8EA0-75562FFB7F86}"
EndProject
Project("{9A19103F-16F7-4668-BE54-9A1E7A4F7556}") = "List", "List\List.csproj", "{F5D118E3-48C8-4C34-BF5C-397ADFF0C6EC}"
EndProject
Project("{9A19103F-16F7-4668-BE54-9A1E7A4F7556}") = "List2", "List2\List2.csproj", "{DF2EB7E7-5BF9-40FB-802C-C7D72E072AE6}"
EndProject
Project("{9A19103F-16F7-4668-BE54-9A1E7A4F7556}") = "List3", "List3\List3.csproj", "{BEFDC8D3-1E7E-4597-BA2B-6244BAAA0E4A}"
EndProject
Project("{9A19103F-16F7-4668-BE54-9A1E7A4F7556}") = "IEnumerable", "IEnumerable\IEnumerable.csproj", "{07D5A28E-77D5-48AE-9E0F-C1722802061D}"
EndProject
Project("{9A19103F-16F7-4668-BE54-9A1E7A4F7556}") = "ListExercicio", "ListExercicio\ListExercicio.csproj", "{D2860827-02E9-41F1-8645-61EAC0F4F42B}"
EndProject
Project("{9A19103F-16F7-4668-BE54-9A1E7A4F7556}") = "Indexadores", "Indexadores\Indexadores.csproj", "{3CC91263-6842-4E50-A72D-632271C6C5BF}"
EndProject
Project("{9A19103F-16F7-4668-BE54-9A1E7A4F7556}") = "ClasseRandom", "ClasseRandom\ClasseRandom.csproj", "{C22A8B69-3901-46A5-8C8C-A2CED0B3684C}"
EndProject
Project("{9A19103F-16F7-4668-BE54-9A1E7A4F7556}") = "Exercicios", "Exercicios\Exercicios.csproj", "{FC754C9F-F209-445E-97A2-2313D7F88D11}"
EndProject
Project("{FAE04EC0-301F-11D3-BF4B-00C04F79EFBC}") = "Exercicio6", "Exercicio6\Exercicio6.csproj", "{024BC48B-1E2A-4078-9796-DDC609C54CEE}"
EndProject
Project("{FAE04EC0-301F-11D3-BF4B-00C04F79EFBC}") = "Exercicio5", "Exercicio5\Exercicio5.csproj", "{4E5E706E-D671-4340-93DE-9A07FCC3375D}"
EndProject
Project("{FAE04EC0-301F-11D3-BF4B-00C04F79EFBC}") = "Exercicio4", "Exercicio4\Exercicio4.csproj", "{5D5D267D-9F15-4948-A5E3-1C254F7EBA76}"
EndProject
Project("{FAE04EC0-301F-11D3-BF4B-00C04F79EFBC}") = "Exercicio3", "Exercicio3\Exercicio3.csproj", "{01DF064F-76FA-4F2F-9886-05A7D59B3C49}"
EndProject
Project("{FAE04EC0-301F-11D3-BF4B-00C04F79EFBC}") = "Exercicio2", "Exercicio2\Exercicio2.csproj", "{327C1AC6-B787-41DA-B3B5-C522E7653D75}"
EndProject
Project("{FAE04EC0-301F-11D3-BF4B-00C04F79EFBC}") = "Exercicio1", "Exercicio1\Exercicio1.csproj", "{A8ACFDD2-BD7C-4413-A147-28DFEF6298F6}"
EndProject
Project("{FAE04EC0-301F-11D3-BF4B-00C04F79EFBC}") = "Exercicio7", "Exercicio7\Exercicio7.csproj", "{E9F796E5-250E-420A-B97B-2F070C161BF5}"
EndProject
Global
	GlobalSection(SolutionConfigurationPlatforms) = preSolution
		Debug|Any CPU = Debug|Any CPU
		Release|Any CPU = Release|Any CPU
	EndGlobalSection
	GlobalSection(ProjectConfigurationPlatforms) = postSolution
		{301EF0F8-93EA-4306-9621-92DE4A53FC14}.Debug|Any CPU.ActiveCfg = Debug|Any CPU
		{301EF0F8-93EA-4306-9621-92DE4A53FC14}.Debug|Any CPU.Build.0 = Debug|Any CPU
		{301EF0F8-93EA-4306-9621-92DE4A53FC14}.Release|Any CPU.ActiveCfg = Release|Any CPU
		{301EF0F8-93EA-4306-9621-92DE4A53FC14}.Release|Any CPU.Build.0 = Release|Any CPU
		{340AE456-DC64-4D03-BD0C-B764662BC91C}.Debug|Any CPU.ActiveCfg = Debug|Any CPU
		{340AE456-DC64-4D03-BD0C-B764662BC91C}.Debug|Any CPU.Build.0 = Debug|Any CPU
		{340AE456-DC64-4D03-BD0C-B764662BC91C}.Release|Any CPU.ActiveCfg = Release|Any CPU
		{340AE456-DC64-4D03-BD0C-B764662BC91C}.Release|Any CPU.Build.0 = Release|Any CPU
		{18B7286E-DB42-4CBC-8EED-621C23C2A234}.Debug|Any CPU.ActiveCfg = Debug|Any CPU
		{18B7286E-DB42-4CBC-8EED-621C23C2A234}.Debug|Any CPU.Build.0 = Debug|Any CPU
		{18B7286E-DB42-4CBC-8EED-621C23C2A234}.Release|Any CPU.ActiveCfg = Release|Any CPU
		{18B7286E-DB42-4CBC-8EED-621C23C2A234}.Release|Any CPU.Build.0 = Release|Any CPU
		{352DBEC5-2A1E-488D-92DF-F904165E3930}.Debug|Any CPU.ActiveCfg = Debug|Any CPU
		{352DBEC5-2A1E-488D-92DF-F904165E3930}.Debug|Any CPU.Build.0 = Debug|Any CPU
		{352DBEC5-2A1E-488D-92DF-F904165E3930}.Release|Any CPU.ActiveCfg = Release|Any CPU
		{352DBEC5-2A1E-488D-92DF-F904165E3930}.Release|Any CPU.Build.0 = Release|Any CPU
		{E0B662B2-A524-413F-8CC7-43F1C07767CF}.Debug|Any CPU.ActiveCfg = Debug|Any CPU
		{E0B662B2-A524-413F-8CC7-43F1C07767CF}.Debug|Any CPU.Build.0 = Debug|Any CPU
		{E0B662B2-A524-413F-8CC7-43F1C07767CF}.Release|Any CPU.ActiveCfg = Release|Any CPU
		{E0B662B2-A524-413F-8CC7-43F1C07767CF}.Release|Any CPU.Build.0 = Release|Any CPU
		{E85E8ED8-9370-4443-8D27-369B77F5CB35}.Debug|Any CPU.ActiveCfg = Debug|Any CPU
		{E85E8ED8-9370-4443-8D27-369B77F5CB35}.Debug|Any CPU.Build.0 = Debug|Any CPU
		{E85E8ED8-9370-4443-8D27-369B77F5CB35}.Release|Any CPU.ActiveCfg = Release|Any CPU
		{E85E8ED8-9370-4443-8D27-369B77F5CB35}.Release|Any CPU.Build.0 = Release|Any CPU
		{6ED78E73-06F8-4871-9A4F-CB2761B7D7EB}.Debug|Any CPU.ActiveCfg = Debug|Any CPU
		{6ED78E73-06F8-4871-9A4F-CB2761B7D7EB}.Debug|Any CPU.Build.0 = Debug|Any CPU
		{6ED78E73-06F8-4871-9A4F-CB2761B7D7EB}.Release|Any CPU.ActiveCfg = Release|Any CPU
		{6ED78E73-06F8-4871-9A4F-CB2761B7D7EB}.Release|Any CPU.Build.0 = Release|Any CPU
		{D01935AD-418A-4D9D-8386-0B2FDCEA65F0}.Debug|Any CPU.ActiveCfg = Debug|Any CPU
		{D01935AD-418A-4D9D-8386-0B2FDCEA65F0}.Debug|Any CPU.Build.0 = Debug|Any CPU
		{D01935AD-418A-4D9D-8386-0B2FDCEA65F0}.Release|Any CPU.ActiveCfg = Release|Any CPU
		{D01935AD-418A-4D9D-8386-0B2FDCEA65F0}.Release|Any CPU.Build.0 = Release|Any CPU
		{57171B78-69FF-4149-B7C7-46AC7AB4F5A5}.Debug|Any CPU.ActiveCfg = Debug|Any CPU
		{57171B78-69FF-4149-B7C7-46AC7AB4F5A5}.Debug|Any CPU.Build.0 = Debug|Any CPU
		{57171B78-69FF-4149-B7C7-46AC7AB4F5A5}.Release|Any CPU.ActiveCfg = Release|Any CPU
		{57171B78-69FF-4149-B7C7-46AC7AB4F5A5}.Release|Any CPU.Build.0 = Release|Any CPU
		{8437CCEF-883B-4D7A-BEAC-5B398C0DB9D3}.Debug|Any CPU.ActiveCfg = Debug|Any CPU
		{8437CCEF-883B-4D7A-BEAC-5B398C0DB9D3}.Debug|Any CPU.Build.0 = Debug|Any CPU
		{8437CCEF-883B-4D7A-BEAC-5B398C0DB9D3}.Release|Any CPU.ActiveCfg = Release|Any CPU
		{8437CCEF-883B-4D7A-BEAC-5B398C0DB9D3}.Release|Any CPU.Build.0 = Release|Any CPU
		{0DE3D801-BD4F-4437-8EA0-75562FFB7F86}.Debug|Any CPU.ActiveCfg = Debug|Any CPU
		{0DE3D801-BD4F-4437-8EA0-75562FFB7F86}.Debug|Any CPU.Build.0 = Debug|Any CPU
		{0DE3D801-BD4F-4437-8EA0-75562FFB7F86}.Release|Any CPU.ActiveCfg = Release|Any CPU
		{0DE3D801-BD4F-4437-8EA0-75562FFB7F86}.Release|Any CPU.Build.0 = Release|Any CPU
		{F5D118E3-48C8-4C34-BF5C-397ADFF0C6EC}.Debug|Any CPU.ActiveCfg = Debug|Any CPU
		{F5D118E3-48C8-4C34-BF5C-397ADFF0C6EC}.Debug|Any CPU.Build.0 = Debug|Any CPU
		{F5D118E3-48C8-4C34-BF5C-397ADFF0C6EC}.Release|Any CPU.ActiveCfg = Release|Any CPU
		{F5D118E3-48C8-4C34-BF5C-397ADFF0C6EC}.Release|Any CPU.Build.0 = Release|Any CPU
		{DF2EB7E7-5BF9-40FB-802C-C7D72E072AE6}.Debug|Any CPU.ActiveCfg = Debug|Any CPU
		{DF2EB7E7-5BF9-40FB-802C-C7D72E072AE6}.Debug|Any CPU.Build.0 = Debug|Any CPU
		{DF2EB7E7-5BF9-40FB-802C-C7D72E072AE6}.Release|Any CPU.ActiveCfg = Release|Any CPU
		{DF2EB7E7-5BF9-40FB-802C-C7D72E072AE6}.Release|Any CPU.Build.0 = Release|Any CPU
		{BEFDC8D3-1E7E-4597-BA2B-6244BAAA0E4A}.Debug|Any CPU.ActiveCfg = Debug|Any CPU
		{BEFDC8D3-1E7E-4597-BA2B-6244BAAA0E4A}.Debug|Any CPU.Build.0 = Debug|Any CPU
		{BEFDC8D3-1E7E-4597-BA2B-6244BAAA0E4A}.Release|Any CPU.ActiveCfg = Release|Any CPU
		{BEFDC8D3-1E7E-4597-BA2B-6244BAAA0E4A}.Release|Any CPU.Build.0 = Release|Any CPU
		{07D5A28E-77D5-48AE-9E0F-C1722802061D}.Debug|Any CPU.ActiveCfg = Debug|Any CPU
		{07D5A28E-77D5-48AE-9E0F-C1722802061D}.Debug|Any CPU.Build.0 = Debug|Any CPU
		{07D5A28E-77D5-48AE-9E0F-C1722802061D}.Release|Any CPU.ActiveCfg = Release|Any CPU
		{07D5A28E-77D5-48AE-9E0F-C1722802061D}.Release|Any CPU.Build.0 = Release|Any CPU
		{D2860827-02E9-41F1-8645-61EAC0F4F42B}.Debug|Any CPU.ActiveCfg = Debug|Any CPU
		{D2860827-02E9-41F1-8645-61EAC0F4F42B}.Debug|Any CPU.Build.0 = Debug|Any CPU
		{D2860827-02E9-41F1-8645-61EAC0F4F42B}.Release|Any CPU.ActiveCfg = Release|Any CPU
		{D2860827-02E9-41F1-8645-61EAC0F4F42B}.Release|Any CPU.Build.0 = Release|Any CPU
		{3CC91263-6842-4E50-A72D-632271C6C5BF}.Debug|Any CPU.ActiveCfg = Debug|Any CPU
		{3CC91263-6842-4E50-A72D-632271C6C5BF}.Debug|Any CPU.Build.0 = Debug|Any CPU
		{3CC91263-6842-4E50-A72D-632271C6C5BF}.Release|Any CPU.ActiveCfg = Release|Any CPU
		{3CC91263-6842-4E50-A72D-632271C6C5BF}.Release|Any CPU.Build.0 = Release|Any CPU
		{C22A8B69-3901-46A5-8C8C-A2CED0B3684C}.Debug|Any CPU.ActiveCfg = Debug|Any CPU
		{C22A8B69-3901-46A5-8C8C-A2CED0B3684C}.Debug|Any CPU.Build.0 = Debug|Any CPU
		{C22A8B69-3901-46A5-8C8C-A2CED0B3684C}.Release|Any CPU.ActiveCfg = Release|Any CPU
		{C22A8B69-3901-46A5-8C8C-A2CED0B3684C}.Release|Any CPU.Build.0 = Release|Any CPU
		{FC754C9F-F209-445E-97A2-2313D7F88D11}.Debug|Any CPU.ActiveCfg = Debug|Any CPU
		{FC754C9F-F209-445E-97A2-2313D7F88D11}.Debug|Any CPU.Build.0 = Debug|Any CPU
		{FC754C9F-F209-445E-97A2-2313D7F88D11}.Release|Any CPU.ActiveCfg = Release|Any CPU
		{FC754C9F-F209-445E-97A2-2313D7F88D11}.Release|Any CPU.Build.0 = Release|Any CPU
		{024BC48B-1E2A-4078-9796-DDC609C54CEE}.Debug|Any CPU.ActiveCfg = Debug|Any CPU
		{024BC48B-1E2A-4078-9796-DDC609C54CEE}.Debug|Any CPU.Build.0 = Debug|Any CPU
		{024BC48B-1E2A-4078-9796-DDC609C54CEE}.Release|Any CPU.ActiveCfg = Release|Any CPU
		{024BC48B-1E2A-4078-9796-DDC609C54CEE}.Release|Any CPU.Build.0 = Release|Any CPU
		{4E5E706E-D671-4340-93DE-9A07FCC3375D}.Debug|Any CPU.ActiveCfg = Debug|Any CPU
		{4E5E706E-D671-4340-93DE-9A07FCC3375D}.Debug|Any CPU.Build.0 = Debug|Any CPU
		{4E5E706E-D671-4340-93DE-9A07FCC3375D}.Release|Any CPU.ActiveCfg = Release|Any CPU
		{4E5E706E-D671-4340-93DE-9A07FCC3375D}.Release|Any CPU.Build.0 = Release|Any CPU
		{5D5D267D-9F15-4948-A5E3-1C254F7EBA76}.Debug|Any CPU.ActiveCfg = Debug|Any CPU
		{5D5D267D-9F15-4948-A5E3-1C254F7EBA76}.Debug|Any CPU.Build.0 = Debug|Any CPU
		{5D5D267D-9F15-4948-A5E3-1C254F7EBA76}.Release|Any CPU.ActiveCfg = Release|Any CPU
		{5D5D267D-9F15-4948-A5E3-1C254F7EBA76}.Release|Any CPU.Build.0 = Release|Any CPU
		{01DF064F-76FA-4F2F-9886-05A7D59B3C49}.Debug|Any CPU.ActiveCfg = Debug|Any CPU
		{01DF064F-76FA-4F2F-9886-05A7D59B3C49}.Debug|Any CPU.Build.0 = Debug|Any CPU
		{01DF064F-76FA-4F2F-9886-05A7D59B3C49}.Release|Any CPU.ActiveCfg = Release|Any CPU
		{01DF064F-76FA-4F2F-9886-05A7D59B3C49}.Release|Any CPU.Build.0 = Release|Any CPU
		{327C1AC6-B787-41DA-B3B5-C522E7653D75}.Debug|Any CPU.ActiveCfg = Debug|Any CPU
		{327C1AC6-B787-41DA-B3B5-C522E7653D75}.Debug|Any CPU.Build.0 = Debug|Any CPU
		{327C1AC6-B787-41DA-B3B5-C522E7653D75}.Release|Any CPU.ActiveCfg = Release|Any CPU
		{327C1AC6-B787-41DA-B3B5-C522E7653D75}.Release|Any CPU.Build.0 = Release|Any CPU
		{A8ACFDD2-BD7C-4413-A147-28DFEF6298F6}.Debug|Any CPU.ActiveCfg = Debug|Any CPU
		{A8ACFDD2-BD7C-4413-A147-28DFEF6298F6}.Debug|Any CPU.Build.0 = Debug|Any CPU
		{A8ACFDD2-BD7C-4413-A147-28DFEF6298F6}.Release|Any CPU.ActiveCfg = Release|Any CPU
		{A8ACFDD2-BD7C-4413-A147-28DFEF6298F6}.Release|Any CPU.Build.0 = Release|Any CPU
		{E9F796E5-250E-420A-B97B-2F070C161BF5}.Debug|Any CPU.ActiveCfg = Debug|Any CPU
		{E9F796E5-250E-420A-B97B-2F070C161BF5}.Debug|Any CPU.Build.0 = Debug|Any CPU
		{E9F796E5-250E-420A-B97B-2F070C161BF5}.Release|Any CPU.ActiveCfg = Release|Any CPU
		{E9F796E5-250E-420A-B97B-2F070C161BF5}.Release|Any CPU.Build.0 = Release|Any CPU
	EndGlobalSection
	GlobalSection(SolutionProperties) = preSolution
		HideSolutionNode = FALSE
	EndGlobalSection
	GlobalSection(ExtensibilityGlobals) = postSolution
		SolutionGuid = {CF3393BB-32B8-4DB6-ABCA-B610AD397AE4}
	EndGlobalSection
EndGlobal
