
Microsoft Visual Studio Solution File, Format Version 12.00
# Visual Studio Version 17
VisualStudioVersion = 17.7.34031.279
MinimumVisualStudioVersion = 10.0.40219.1
Project("{FAE04EC0-301F-11D3-BF4B-00C04F79EFBC}") = "Array", "Array\Array.csproj", "{301EF0F8-93EA-4306-9621-92DE4A53FC14}"
EndProject
Project("{FAE04EC0-301F-11D3-BF4B-00C04F79EFBC}") = "Array2", "Array2\Array2.csproj", "{340AE456-DC64-4D03-BD0C-B764662BC91C}"
EndProject
Project("{FAE04EC0-301F-11D3-BF4B-00C04F79EFBC}") = "Array3", "Array3\Array3.csproj", "{18B7286E-DB42-4CBC-8EED-621C23C2A234}"
EndProject
Project("{FAE04EC0-301F-11D3-BF4B-00C04F79EFBC}") = "ArrayMetodos", "ArrayMetodos\ArrayMetodos.csproj", "{352DBEC5-2A1E-488D-92DF-F904165E3930}"
EndProject
Project("{FAE04EC0-301F-11D3-BF4B-00C04F79EFBC}") = "ExercicioArray", "ExercicioArray\ExercicioArray.csproj", "{E0B662B2-A524-413F-8CC7-43F1C07767CF}"
EndProject
Global
	GlobalSection(SolutionConfigurationPlatforms) = preSolution
		Debug|Any CPU = Debug|Any CPU
		Release|Any CPU = Release|Any CPU
	EndGlobalSection
	GlobalSection(ProjectConfigurationPlatforms) = postSolution
		{301EF0F8-93EA-4306-9621-92DE4A53FC14}.Debug|Any CPU.ActiveCfg = Debug|Any CPU
		{301EF0F8-93EA-4306-9621-92DE4A53FC14}.Debug|Any CPU.Build.0 = Debug|Any CPU
		{301EF0F8-93EA-4306-9621-92DE4A53FC14}.Release|Any CPU.ActiveCfg = Release|Any CPU
		{301EF0F8-93EA-4306-9621-92DE4A53FC14}.Release|Any CPU.Build.0 = Release|Any CPU
		{340AE456-DC64-4D03-BD0C-B764662BC91C}.Debug|Any CPU.ActiveCfg = Debug|Any CPU
		{340AE456-DC64-4D03-BD0C-B764662BC91C}.Debug|Any CPU.Build.0 = Debug|Any CPU
		{340AE456-DC64-4D03-BD0C-B764662BC91C}.Release|Any CPU.ActiveCfg = Release|Any CPU
		{340AE456-DC64-4D03-BD0C-B764662BC91C}.Release|Any CPU.Build.0 = Release|Any CPU
		{18B7286E-DB42-4CBC-8EED-621C23C2A234}.Debug|Any CPU.ActiveCfg = Debug|Any CPU
		{18B7286E-DB42-4CBC-8EED-621C23C2A234}.Debug|Any CPU.Build.0 = Debug|Any CPU
		{18B7286E-DB42-4CBC-8EED-621C23C2A234}.Release|Any CPU.ActiveCfg = Release|Any CPU
		{18B7286E-DB42-4CBC-8EED-621C23C2A234}.Release|Any CPU.Build.0 = Release|Any CPU
		{352DBEC5-2A1E-488D-92DF-F904165E3930}.Debug|Any CPU.ActiveCfg = Debug|Any CPU
		{352DBEC5-2A1E-488D-92DF-F904165E3930}.Debug|Any CPU.Build.0 = Debug|Any CPU
		{352DBEC5-2A1E-488D-92DF-F904165E3930}.Release|Any CPU.ActiveCfg = Release|Any CPU
		{352DBEC5-2A1E-488D-92DF-F904165E3930}.Release|Any CPU.Build.0 = Release|Any CPU
		{E0B662B2-A524-413F-8CC7-43F1C07767CF}.Debug|Any CPU.ActiveCfg = Debug|Any CPU
		{E0B662B2-A524-413F-8CC7-43F1C07767CF}.Debug|Any CPU.Build.0 = Debug|Any CPU
		{E0B662B2-A524-413F-8CC7-43F1C07767CF}.Release|Any CPU.ActiveCfg = Release|Any CPU
		{E0B662B2-A524-413F-8CC7-43F1C07767CF}.Release|Any CPU.Build.0 = Release|Any CPU
	EndGlobalSection
	GlobalSection(SolutionProperties) = preSolution
		HideSolutionNode = FALSE
	EndGlobalSection
	GlobalSection(ExtensibilityGlobals) = postSolution
		SolutionGuid = {CF3393BB-32B8-4DB6-ABCA-B610AD397AE4}
	EndGlobalSection
EndGlobal
